
Microsoft Visual Studio Solution File, Format Version 12.00
# Visual Studio 15
VisualStudioVersion = 15.0.27703.2000
MinimumVisualStudioVersion = 10.0.40219.1
Project("{FAE04EC0-301F-11D3-BF4B-00C04F79EFBC}") = "Discount", "Discount\Discount.csproj", "{217AEEE9-C705-4DEC-A63A-31641A08A83B}"
EndProject
Global
	GlobalSection(SolutionConfigurationPlatforms) = preSolution
		Debug|Any CPU = Debug|Any CPU
		Release|Any CPU = Release|Any CPU
	EndGlobalSection
	GlobalSection(ProjectConfigurationPlatforms) = postSolution
		{217AEEE9-C705-4DEC-A63A-31641A08A83B}.Debug|Any CPU.ActiveCfg = Debug|Any CPU
		{217AEEE9-C705-4DEC-A63A-31641A08A83B}.Debug|Any CPU.Build.0 = Debug|Any CPU
		{217AEEE9-C705-4DEC-A63A-31641A08A83B}.Release|Any CPU.ActiveCfg = Release|Any CPU
		{217AEEE9-C705-4DEC-A63A-31641A08A83B}.Release|Any CPU.Build.0 = Release|Any CPU
	EndGlobalSection
	GlobalSection(SolutionProperties) = preSolution
		HideSolutionNode = FALSE
	EndGlobalSection
	GlobalSection(ExtensibilityGlobals) = postSolution
		SolutionGuid = {F792167A-9CED-4501-85E3-7BF7967E6113}
	EndGlobalSection
EndGlobal
